
Microsoft Visual Studio Solution File, Format Version 12.00
# Visual Studio Version 16
VisualStudioVersion = 16.0.29411.138
MinimumVisualStudioVersion = 10.0.40219.1
Project("{9A19103F-16F7-4668-BE54-9A1E7A4F7556}") = "TestApp", "TestApp\TestApp.csproj", "{589DFC06-0D76-46AE-86E6-84096571A646}"
EndProject
Project("{2150E333-8FDC-42A3-9474-1A3956D46DE8}") = "TestFolder", "TestFolder", "{02BFF6DC-F300-402B-93BF-D8944D2EFE50}"
EndProject
Global
	GlobalSection(SolutionConfigurationPlatforms) = preSolution
		Debug|Any CPU = Debug|Any CPU
		Release|Any CPU = Release|Any CPU
	EndGlobalSection
	GlobalSection(ProjectConfigurationPlatforms) = postSolution
		{589DFC06-0D76-46AE-86E6-84096571A646}.Debug|Any CPU.ActiveCfg = Debug|Any CPU
		{589DFC06-0D76-46AE-86E6-84096571A646}.Debug|Any CPU.Build.0 = Debug|Any CPU
		{589DFC06-0D76-46AE-86E6-84096571A646}.Release|Any CPU.ActiveCfg = Release|Any CPU
		{589DFC06-0D76-46AE-86E6-84096571A646}.Release|Any CPU.Build.0 = Release|Any CPU
	EndGlobalSection
	GlobalSection(SolutionProperties) = preSolution
		HideSolutionNode = FALSE
	EndGlobalSection
	GlobalSection(NestedProjects) = preSolution
		{589DFC06-0D76-46AE-86E6-84096571A646} = {02BFF6DC-F300-402B-93BF-D8944D2EFE50}
	EndGlobalSection
	GlobalSection(ExtensibilityGlobals) = postSolution
		SolutionGuid = {362065D5-46BC-4CD0-8693-DD297B070430}
	EndGlobalSection
EndGlobal
